// !$*UTF8*$!
{
	archiveVersion = 1;
	classes = {
	};
	objectVersion = 56;
	objects = {

/* Begin PBXBuildFile section */
		B516BFFB29E1CB5500774A91 /* RolesEnum.swift in Sources */ = {isa = PBXBuildFile; fileRef = B516BFFA29E1CB5500774A91 /* RolesEnum.swift */; };
		B516BFFE29E1D71900774A91 /* MainButton.swift in Sources */ = {isa = PBXBuildFile; fileRef = B516BFFD29E1D71900774A91 /* MainButton.swift */; };
		B516C00129E1D81400774A91 /* ListDetailViewModel.swift in Sources */ = {isa = PBXBuildFile; fileRef = B516C00029E1D81400774A91 /* ListDetailViewModel.swift */; };
		B516C00329E1E5A300774A91 /* UserPost.swift in Sources */ = {isa = PBXBuildFile; fileRef = B516C00229E1E5A300774A91 /* UserPost.swift */; };
		B516C00529E274C000774A91 /* ProductsListViewController.swift in Sources */ = {isa = PBXBuildFile; fileRef = B516C00429E274C000774A91 /* ProductsListViewController.swift */; };
		B516C00829E2750D00774A91 /* ProductsViewModel.swift in Sources */ = {isa = PBXBuildFile; fileRef = B516C00729E2750D00774A91 /* ProductsViewModel.swift */; };
		B516C00A29E275A400774A91 /* Product.swift in Sources */ = {isa = PBXBuildFile; fileRef = B516C00929E275A400774A91 /* Product.swift */; };
		B516C00C29E2764100774A91 /* ProductTableViewCell.swift in Sources */ = {isa = PBXBuildFile; fileRef = B516C00B29E2764100774A91 /* ProductTableViewCell.swift */; };
		B516C00F29E27A0900774A91 /* Category.swift in Sources */ = {isa = PBXBuildFile; fileRef = B516C00E29E27A0900774A91 /* Category.swift */; };
		B516C01129E27C7100774A91 /* UserGet.swift in Sources */ = {isa = PBXBuildFile; fileRef = B516C01029E27C7100774A91 /* UserGet.swift */; };
		B516C01329E2818A00774A91 /* ProductDetailViewController.swift in Sources */ = {isa = PBXBuildFile; fileRef = B516C01229E2818A00774A91 /* ProductDetailViewController.swift */; };
		B526440F29E185A1007F37B5 /* TokenData.swift in Sources */ = {isa = PBXBuildFile; fileRef = B526440E29E185A1007F37B5 /* TokenData.swift */; };
		B526441129E18BE9007F37B5 /* ListViewController.swift in Sources */ = {isa = PBXBuildFile; fileRef = B526441029E18BE9007F37B5 /* ListViewController.swift */; };
		B526441429E18CA2007F37B5 /* ListTableViewCell.swift in Sources */ = {isa = PBXBuildFile; fileRef = B526441329E18CA2007F37B5 /* ListTableViewCell.swift */; };
		B526441629E18FC7007F37B5 /* ListDetailViewController.swift in Sources */ = {isa = PBXBuildFile; fileRef = B526441529E18FC7007F37B5 /* ListDetailViewController.swift */; };
		B526441829E194D7007F37B5 /* TabBarViewController.swift in Sources */ = {isa = PBXBuildFile; fileRef = B526441729E194D7007F37B5 /* TabBarViewController.swift */; };
		B526441A29E19709007F37B5 /* User.swift in Sources */ = {isa = PBXBuildFile; fileRef = B526441929E19709007F37B5 /* User.swift */; };
		B526441C29E19838007F37B5 /* ListViewModel.swift in Sources */ = {isa = PBXBuildFile; fileRef = B526441B29E19838007F37B5 /* ListViewModel.swift */; };
		B5B945C229E153840032635C /* AppDelegate.swift in Sources */ = {isa = PBXBuildFile; fileRef = B5B945C129E153840032635C /* AppDelegate.swift */; };
		B5B945C429E153840032635C /* SceneDelegate.swift in Sources */ = {isa = PBXBuildFile; fileRef = B5B945C329E153840032635C /* SceneDelegate.swift */; };
		B5B945C629E153840032635C /* RegisterViewController.swift in Sources */ = {isa = PBXBuildFile; fileRef = B5B945C529E153840032635C /* RegisterViewController.swift */; };
		B5B945CB29E153850032635C /* Assets.xcassets in Resources */ = {isa = PBXBuildFile; fileRef = B5B945CA29E153850032635C /* Assets.xcassets */; };
		B5B945CE29E153850032635C /* LaunchScreen.storyboard in Resources */ = {isa = PBXBuildFile; fileRef = B5B945CC29E153850032635C /* LaunchScreen.storyboard */; };
		B5B945D929E15E8F0032635C /* MainInputTextfield.swift in Sources */ = {isa = PBXBuildFile; fileRef = B5B945D829E15E8F0032635C /* MainInputTextfield.swift */; };
		B5B945DC29E15F0C0032635C /* Color.swift in Sources */ = {isa = PBXBuildFile; fileRef = B5B945DB29E15F0C0032635C /* Color.swift */; };
		B5B945DE29E1611A0032635C /* APIManager.swift in Sources */ = {isa = PBXBuildFile; fileRef = B5B945DD29E1611A0032635C /* APIManager.swift */; };
		B5B945E129E161730032635C /* Endpoint.swift in Sources */ = {isa = PBXBuildFile; fileRef = B5B945E029E161730032635C /* Endpoint.swift */; };
		B5B945E529E16B130032635C /* RegisterUser.swift in Sources */ = {isa = PBXBuildFile; fileRef = B5B945E429E16B130032635C /* RegisterUser.swift */; };
		B5B945E829E16CE70032635C /* Token.swift in Sources */ = {isa = PBXBuildFile; fileRef = B5B945E729E16CE70032635C /* Token.swift */; };
		B5B945ED29E175780032635C /* LoginViewController.swift in Sources */ = {isa = PBXBuildFile; fileRef = B5B945EC29E175780032635C /* LoginViewController.swift */; };
		B5B945F129E178FD0032635C /* RegisterViewModel.swift in Sources */ = {isa = PBXBuildFile; fileRef = B5B945F029E178FD0032635C /* RegisterViewModel.swift */; };
		B5B945F329E179320032635C /* LoginViewModel.swift in Sources */ = {isa = PBXBuildFile; fileRef = B5B945F229E179320032635C /* LoginViewModel.swift */; };
/* End PBXBuildFile section */

/* Begin PBXFileReference section */
		B516BFFA29E1CB5500774A91 /* RolesEnum.swift */ = {isa = PBXFileReference; lastKnownFileType = sourcecode.swift; path = RolesEnum.swift; sourceTree = "<group>"; };
		B516BFFD29E1D71900774A91 /* MainButton.swift */ = {isa = PBXFileReference; lastKnownFileType = sourcecode.swift; path = MainButton.swift; sourceTree = "<group>"; };
		B516C00029E1D81400774A91 /* ListDetailViewModel.swift */ = {isa = PBXFileReference; lastKnownFileType = sourcecode.swift; path = ListDetailViewModel.swift; sourceTree = "<group>"; };
		B516C00229E1E5A300774A91 /* UserPost.swift */ = {isa = PBXFileReference; lastKnownFileType = sourcecode.swift; path = UserPost.swift; sourceTree = "<group>"; };
		B516C00429E274C000774A91 /* ProductsListViewController.swift */ = {isa = PBXFileReference; lastKnownFileType = sourcecode.swift; path = ProductsListViewController.swift; sourceTree = "<group>"; };
		B516C00729E2750D00774A91 /* ProductsViewModel.swift */ = {isa = PBXFileReference; lastKnownFileType = sourcecode.swift; path = ProductsViewModel.swift; sourceTree = "<group>"; };
		B516C00929E275A400774A91 /* Product.swift */ = {isa = PBXFileReference; lastKnownFileType = sourcecode.swift; path = Product.swift; sourceTree = "<group>"; };
		B516C00B29E2764100774A91 /* ProductTableViewCell.swift */ = {isa = PBXFileReference; lastKnownFileType = sourcecode.swift; path = ProductTableViewCell.swift; sourceTree = "<group>"; };
		B516C00E29E27A0900774A91 /* Category.swift */ = {isa = PBXFileReference; lastKnownFileType = sourcecode.swift; path = Category.swift; sourceTree = "<group>"; };
		B516C01029E27C7100774A91 /* UserGet.swift */ = {isa = PBXFileReference; lastKnownFileType = sourcecode.swift; path = UserGet.swift; sourceTree = "<group>"; };
		B516C01229E2818A00774A91 /* ProductDetailViewController.swift */ = {isa = PBXFileReference; lastKnownFileType = sourcecode.swift; path = ProductDetailViewController.swift; sourceTree = "<group>"; };
		B526440E29E185A1007F37B5 /* TokenData.swift */ = {isa = PBXFileReference; lastKnownFileType = sourcecode.swift; path = TokenData.swift; sourceTree = "<group>"; };
		B526441029E18BE9007F37B5 /* ListViewController.swift */ = {isa = PBXFileReference; lastKnownFileType = sourcecode.swift; path = ListViewController.swift; sourceTree = "<group>"; };
		B526441329E18CA2007F37B5 /* ListTableViewCell.swift */ = {isa = PBXFileReference; lastKnownFileType = sourcecode.swift; path = ListTableViewCell.swift; sourceTree = "<group>"; };
		B526441529E18FC7007F37B5 /* ListDetailViewController.swift */ = {isa = PBXFileReference; lastKnownFileType = sourcecode.swift; path = ListDetailViewController.swift; sourceTree = "<group>"; };
		B526441729E194D7007F37B5 /* TabBarViewController.swift */ = {isa = PBXFileReference; lastKnownFileType = sourcecode.swift; path = TabBarViewController.swift; sourceTree = "<group>"; };
		B526441929E19709007F37B5 /* User.swift */ = {isa = PBXFileReference; lastKnownFileType = sourcecode.swift; path = User.swift; sourceTree = "<group>"; };
		B526441B29E19838007F37B5 /* ListViewModel.swift */ = {isa = PBXFileReference; lastKnownFileType = sourcecode.swift; path = ListViewModel.swift; sourceTree = "<group>"; };
		B5B945BE29E153840032635C /* CaseIOS.app */ = {isa = PBXFileReference; explicitFileType = wrapper.application; includeInIndex = 0; path = CaseIOS.app; sourceTree = BUILT_PRODUCTS_DIR; };
		B5B945C129E153840032635C /* AppDelegate.swift */ = {isa = PBXFileReference; lastKnownFileType = sourcecode.swift; path = AppDelegate.swift; sourceTree = "<group>"; };
		B5B945C329E153840032635C /* SceneDelegate.swift */ = {isa = PBXFileReference; lastKnownFileType = sourcecode.swift; path = SceneDelegate.swift; sourceTree = "<group>"; };
		B5B945C529E153840032635C /* RegisterViewController.swift */ = {isa = PBXFileReference; lastKnownFileType = sourcecode.swift; path = RegisterViewController.swift; sourceTree = "<group>"; };
		B5B945CA29E153850032635C /* Assets.xcassets */ = {isa = PBXFileReference; lastKnownFileType = folder.assetcatalog; path = Assets.xcassets; sourceTree = "<group>"; };
		B5B945CD29E153850032635C /* Base */ = {isa = PBXFileReference; lastKnownFileType = file.storyboard; name = Base; path = Base.lproj/LaunchScreen.storyboard; sourceTree = "<group>"; };
		B5B945CF29E153850032635C /* Info.plist */ = {isa = PBXFileReference; lastKnownFileType = text.plist.xml; path = Info.plist; sourceTree = "<group>"; };
		B5B945D829E15E8F0032635C /* MainInputTextfield.swift */ = {isa = PBXFileReference; lastKnownFileType = sourcecode.swift; path = MainInputTextfield.swift; sourceTree = "<group>"; };
		B5B945DB29E15F0C0032635C /* Color.swift */ = {isa = PBXFileReference; lastKnownFileType = sourcecode.swift; path = Color.swift; sourceTree = "<group>"; };
		B5B945DD29E1611A0032635C /* APIManager.swift */ = {isa = PBXFileReference; lastKnownFileType = sourcecode.swift; path = APIManager.swift; sourceTree = "<group>"; };
		B5B945E029E161730032635C /* Endpoint.swift */ = {isa = PBXFileReference; lastKnownFileType = sourcecode.swift; path = Endpoint.swift; sourceTree = "<group>"; };
		B5B945E429E16B130032635C /* RegisterUser.swift */ = {isa = PBXFileReference; lastKnownFileType = sourcecode.swift; path = RegisterUser.swift; sourceTree = "<group>"; };
		B5B945E729E16CE70032635C /* Token.swift */ = {isa = PBXFileReference; lastKnownFileType = sourcecode.swift; path = Token.swift; sourceTree = "<group>"; };
		B5B945EC29E175780032635C /* LoginViewController.swift */ = {isa = PBXFileReference; lastKnownFileType = sourcecode.swift; path = LoginViewController.swift; sourceTree = "<group>"; };
		B5B945F029E178FD0032635C /* RegisterViewModel.swift */ = {isa = PBXFileReference; lastKnownFileType = sourcecode.swift; path = RegisterViewModel.swift; sourceTree = "<group>"; };
		B5B945F229E179320032635C /* LoginViewModel.swift */ = {isa = PBXFileReference; lastKnownFileType = sourcecode.swift; path = LoginViewModel.swift; sourceTree = "<group>"; };
/* End PBXFileReference section */

/* Begin PBXFrameworksBuildPhase section */
		B5B945BB29E153840032635C /* Frameworks */ = {
			isa = PBXFrameworksBuildPhase;
			buildActionMask = 2147483647;
			files = (
			);
			runOnlyForDeploymentPostprocessing = 0;
		};
/* End PBXFrameworksBuildPhase section */

/* Begin PBXGroup section */
		B516BFFC29E1CB5A00774A91 /* Helper */ = {
			isa = PBXGroup;
			children = (
				B516BFFA29E1CB5500774A91 /* RolesEnum.swift */,
			);
			path = Helper;
			sourceTree = "<group>";
		};
		B516BFFF29E1D80C00774A91 /* DetailView */ = {
			isa = PBXGroup;
			children = (
				B526441529E18FC7007F37B5 /* ListDetailViewController.swift */,
				B516C00029E1D81400774A91 /* ListDetailViewModel.swift */,
			);
			path = DetailView;
			sourceTree = "<group>";
		};
		B516C00629E274C500774A91 /* ProductsList */ = {
			isa = PBXGroup;
			children = (
				B516C00429E274C000774A91 /* ProductsListViewController.swift */,
				B516C00729E2750D00774A91 /* ProductsViewModel.swift */,
				B516C01429E2818F00774A91 /* DetailView */,
				B516C00D29E2764400774A91 /* Cell */,
			);
			path = ProductsList;
			sourceTree = "<group>";
		};
		B516C00D29E2764400774A91 /* Cell */ = {
			isa = PBXGroup;
			children = (
				B516C00B29E2764100774A91 /* ProductTableViewCell.swift */,
			);
			path = Cell;
			sourceTree = "<group>";
		};
		B516C01429E2818F00774A91 /* DetailView */ = {
			isa = PBXGroup;
			children = (
				B516C01229E2818A00774A91 /* ProductDetailViewController.swift */,
			);
			path = DetailView;
			sourceTree = "<group>";
		};
		B526441D29E19920007F37B5 /* Cell */ = {
			isa = PBXGroup;
			children = (
				B526441329E18CA2007F37B5 /* ListTableViewCell.swift */,
			);
			path = Cell;
			sourceTree = "<group>";
		};
		B526441E29E19927007F37B5 /* List */ = {
			isa = PBXGroup;
			children = (
				B526441029E18BE9007F37B5 /* ListViewController.swift */,
				B526441B29E19838007F37B5 /* ListViewModel.swift */,
				B526441D29E19920007F37B5 /* Cell */,
				B516BFFF29E1D80C00774A91 /* DetailView */,
			);
			path = List;
			sourceTree = "<group>";
		};
		B5B945B529E153840032635C = {
			isa = PBXGroup;
			children = (
				B5B945C029E153840032635C /* CaseIOS */,
				B5B945BF29E153840032635C /* Products */,
			);
			sourceTree = "<group>";
		};
		B5B945BF29E153840032635C /* Products */ = {
			isa = PBXGroup;
			children = (
				B5B945BE29E153840032635C /* CaseIOS.app */,
			);
			name = Products;
			sourceTree = "<group>";
		};
		B5B945C029E153840032635C /* CaseIOS */ = {
			isa = PBXGroup;
			children = (
				B5B945D629E153EE0032635C /* App */,
				B5B945DF29E1611C0032635C /* API */,
				B5B945E629E16B150032635C /* Model */,
				B516BFFC29E1CB5A00774A91 /* Helper */,
				B5B945DA29E15E920032635C /* Subclass */,
				B5B945D729E153F90032635C /* Main */,
				B5B945D529E153E30032635C /* Resoursec */,
			);
			path = CaseIOS;
			sourceTree = "<group>";
		};
		B5B945D529E153E30032635C /* Resoursec */ = {
			isa = PBXGroup;
			children = (
				B5B945DB29E15F0C0032635C /* Color.swift */,
				B5B945CA29E153850032635C /* Assets.xcassets */,
			);
			path = Resoursec;
			sourceTree = "<group>";
		};
		B5B945D629E153EE0032635C /* App */ = {
			isa = PBXGroup;
			children = (
				B5B945C129E153840032635C /* AppDelegate.swift */,
				B5B945C329E153840032635C /* SceneDelegate.swift */,
				B5B945CF29E153850032635C /* Info.plist */,
				B5B945CC29E153850032635C /* LaunchScreen.storyboard */,
			);
			path = App;
			sourceTree = "<group>";
		};
		B5B945D729E153F90032635C /* Main */ = {
			isa = PBXGroup;
			children = (
				B526441729E194D7007F37B5 /* TabBarViewController.swift */,
				B5B945E929E172A40032635C /* Auth */,
				B516C00629E274C500774A91 /* ProductsList */,
				B526441E29E19927007F37B5 /* List */,
			);
			path = Main;
			sourceTree = "<group>";
		};
		B5B945DA29E15E920032635C /* Subclass */ = {
			isa = PBXGroup;
			children = (
				B5B945D829E15E8F0032635C /* MainInputTextfield.swift */,
				B516BFFD29E1D71900774A91 /* MainButton.swift */,
			);
			path = Subclass;
			sourceTree = "<group>";
		};
		B5B945DF29E1611C0032635C /* API */ = {
			isa = PBXGroup;
			children = (
				B5B945DD29E1611A0032635C /* APIManager.swift */,
				B5B945E029E161730032635C /* Endpoint.swift */,
				B526440E29E185A1007F37B5 /* TokenData.swift */,
			);
			path = API;
			sourceTree = "<group>";
		};
		B5B945E629E16B150032635C /* Model */ = {
			isa = PBXGroup;
			children = (
				B5B945E429E16B130032635C /* RegisterUser.swift */,
				B5B945E729E16CE70032635C /* Token.swift */,
				B526441929E19709007F37B5 /* User.swift */,
				B516C01029E27C7100774A91 /* UserGet.swift */,
				B516C00229E1E5A300774A91 /* UserPost.swift */,
				B516C00929E275A400774A91 /* Product.swift */,
				B516C00E29E27A0900774A91 /* Category.swift */,
			);
			path = Model;
			sourceTree = "<group>";
		};
		B5B945E929E172A40032635C /* Auth */ = {
			isa = PBXGroup;
			children = (
				B5B945EF29E178DE0032635C /* Register */,
				B5B945EE29E178CD0032635C /* Login */,
			);
			path = Auth;
			sourceTree = "<group>";
		};
		B5B945EE29E178CD0032635C /* Login */ = {
			isa = PBXGroup;
			children = (
				B5B945EC29E175780032635C /* LoginViewController.swift */,
				B5B945F229E179320032635C /* LoginViewModel.swift */,
			);
			path = Login;
			sourceTree = "<group>";
		};
		B5B945EF29E178DE0032635C /* Register */ = {
			isa = PBXGroup;
			children = (
				B5B945C529E153840032635C /* RegisterViewController.swift */,
				B5B945F029E178FD0032635C /* RegisterViewModel.swift */,
			);
			path = Register;
			sourceTree = "<group>";
		};
/* End PBXGroup section */

/* Begin PBXNativeTarget section */
		B5B945BD29E153840032635C /* CaseIOS */ = {
			isa = PBXNativeTarget;
			buildConfigurationList = B5B945D229E153850032635C /* Build configuration list for PBXNativeTarget "CaseIOS" */;
			buildPhases = (
				B5B945BA29E153840032635C /* Sources */,
				B5B945BB29E153840032635C /* Frameworks */,
				B5B945BC29E153840032635C /* Resources */,
			);
			buildRules = (
			);
			dependencies = (
			);
			name = CaseIOS;
			productName = CaseIOS;
			productReference = B5B945BE29E153840032635C /* CaseIOS.app */;
			productType = "com.apple.product-type.application";
		};
/* End PBXNativeTarget section */

/* Begin PBXProject section */
		B5B945B629E153840032635C /* Project object */ = {
			isa = PBXProject;
			attributes = {
				BuildIndependentTargetsInParallel = 1;
				LastSwiftUpdateCheck = 1400;
				LastUpgradeCheck = 1400;
				TargetAttributes = {
					B5B945BD29E153840032635C = {
						CreatedOnToolsVersion = 14.0.1;
					};
				};
			};
			buildConfigurationList = B5B945B929E153840032635C /* Build configuration list for PBXProject "CaseIOS" */;
			compatibilityVersion = "Xcode 14.0";
			developmentRegion = en;
			hasScannedForEncodings = 0;
			knownRegions = (
				en,
				Base,
			);
			mainGroup = B5B945B529E153840032635C;
			productRefGroup = B5B945BF29E153840032635C /* Products */;
			projectDirPath = "";
			projectRoot = "";
			targets = (
				B5B945BD29E153840032635C /* CaseIOS */,
			);
		};
/* End PBXProject section */

/* Begin PBXResourcesBuildPhase section */
		B5B945BC29E153840032635C /* Resources */ = {
			isa = PBXResourcesBuildPhase;
			buildActionMask = 2147483647;
			files = (
				B5B945CE29E153850032635C /* LaunchScreen.storyboard in Resources */,
				B5B945CB29E153850032635C /* Assets.xcassets in Resources */,
			);
			runOnlyForDeploymentPostprocessing = 0;
		};
/* End PBXResourcesBuildPhase section */

/* Begin PBXSourcesBuildPhase section */
		B5B945BA29E153840032635C /* Sources */ = {
			isa = PBXSourcesBuildPhase;
			buildActionMask = 2147483647;
			files = (
				B516BFFB29E1CB5500774A91 /* RolesEnum.swift in Sources */,
				B5B945F329E179320032635C /* LoginViewModel.swift in Sources */,
				B516BFFE29E1D71900774A91 /* MainButton.swift in Sources */,
				B5B945E129E161730032635C /* Endpoint.swift in Sources */,
				B5B945E829E16CE70032635C /* Token.swift in Sources */,
				B5B945DE29E1611A0032635C /* APIManager.swift in Sources */,
				B5B945C629E153840032635C /* RegisterViewController.swift in Sources */,
				B516C00129E1D81400774A91 /* ListDetailViewModel.swift in Sources */,
				B5B945E529E16B130032635C /* RegisterUser.swift in Sources */,
				B526441129E18BE9007F37B5 /* ListViewController.swift in Sources */,
				B526441629E18FC7007F37B5 /* ListDetailViewController.swift in Sources */,
				B5B945D929E15E8F0032635C /* MainInputTextfield.swift in Sources */,
				B526441829E194D7007F37B5 /* TabBarViewController.swift in Sources */,
				B516C00829E2750D00774A91 /* ProductsViewModel.swift in Sources */,
				B5B945F129E178FD0032635C /* RegisterViewModel.swift in Sources */,
				B5B945C229E153840032635C /* AppDelegate.swift in Sources */,
				B5B945DC29E15F0C0032635C /* Color.swift in Sources */,
				B516C01329E2818A00774A91 /* ProductDetailViewController.swift in Sources */,
				B5B945C429E153840032635C /* SceneDelegate.swift in Sources */,
				B526441C29E19838007F37B5 /* ListViewModel.swift in Sources */,
				B516C00329E1E5A300774A91 /* UserPost.swift in Sources */,
				B516C00C29E2764100774A91 /* ProductTableViewCell.swift in Sources */,
				B516C01129E27C7100774A91 /* UserGet.swift in Sources */,
				B526441A29E19709007F37B5 /* User.swift in Sources */,
				B516C00529E274C000774A91 /* ProductsListViewController.swift in Sources */,
				B526440F29E185A1007F37B5 /* TokenData.swift in Sources */,
				B5B945ED29E175780032635C /* LoginViewController.swift in Sources */,
				B526441429E18CA2007F37B5 /* ListTableViewCell.swift in Sources */,
				B516C00A29E275A400774A91 /* Product.swift in Sources */,
				B516C00F29E27A0900774A91 /* Category.swift in Sources */,
			);
			runOnlyForDeploymentPostprocessing = 0;
		};
/* End PBXSourcesBuildPhase section */

/* Begin PBXVariantGroup section */
		B5B945CC29E153850032635C /* LaunchScreen.storyboard */ = {
			isa = PBXVariantGroup;
			children = (
				B5B945CD29E153850032635C /* Base */,
			);
			name = LaunchScreen.storyboard;
			sourceTree = "<group>";
		};
/* End PBXVariantGroup section */

/* Begin XCBuildConfiguration section */
		B5B945D029E153850032635C /* Debug */ = {
			isa = XCBuildConfiguration;
			buildSettings = {
				ALWAYS_SEARCH_USER_PATHS = NO;
				CLANG_ANALYZER_NONNULL = YES;
				CLANG_ANALYZER_NUMBER_OBJECT_CONVERSION = YES_AGGRESSIVE;
				CLANG_CXX_LANGUAGE_STANDARD = "gnu++20";
				CLANG_ENABLE_MODULES = YES;
				CLANG_ENABLE_OBJC_ARC = YES;
				CLANG_ENABLE_OBJC_WEAK = YES;
				CLANG_WARN_BLOCK_CAPTURE_AUTORELEASING = YES;
				CLANG_WARN_BOOL_CONVERSION = YES;
				CLANG_WARN_COMMA = YES;
				CLANG_WARN_CONSTANT_CONVERSION = YES;
				CLANG_WARN_DEPRECATED_OBJC_IMPLEMENTATIONS = YES;
				CLANG_WARN_DIRECT_OBJC_ISA_USAGE = YES_ERROR;
				CLANG_WARN_DOCUMENTATION_COMMENTS = YES;
				CLANG_WARN_EMPTY_BODY = YES;
				CLANG_WARN_ENUM_CONVERSION = YES;
				CLANG_WARN_INFINITE_RECURSION = YES;
				CLANG_WARN_INT_CONVERSION = YES;
				CLANG_WARN_NON_LITERAL_NULL_CONVERSION = YES;
				CLANG_WARN_OBJC_IMPLICIT_RETAIN_SELF = YES;
				CLANG_WARN_OBJC_LITERAL_CONVERSION = YES;
				CLANG_WARN_OBJC_ROOT_CLASS = YES_ERROR;
				CLANG_WARN_QUOTED_INCLUDE_IN_FRAMEWORK_HEADER = YES;
				CLANG_WARN_RANGE_LOOP_ANALYSIS = YES;
				CLANG_WARN_STRICT_PROTOTYPES = YES;
				CLANG_WARN_SUSPICIOUS_MOVE = YES;
				CLANG_WARN_UNGUARDED_AVAILABILITY = YES_AGGRESSIVE;
				CLANG_WARN_UNREACHABLE_CODE = YES;
				CLANG_WARN__DUPLICATE_METHOD_MATCH = YES;
				COPY_PHASE_STRIP = NO;
				DEBUG_INFORMATION_FORMAT = dwarf;
				ENABLE_STRICT_OBJC_MSGSEND = YES;
				ENABLE_TESTABILITY = YES;
				GCC_C_LANGUAGE_STANDARD = gnu11;
				GCC_DYNAMIC_NO_PIC = NO;
				GCC_NO_COMMON_BLOCKS = YES;
				GCC_OPTIMIZATION_LEVEL = 0;
				GCC_PREPROCESSOR_DEFINITIONS = (
					"DEBUG=1",
					"$(inherited)",
				);
				GCC_WARN_64_TO_32_BIT_CONVERSION = YES;
				GCC_WARN_ABOUT_RETURN_TYPE = YES_ERROR;
				GCC_WARN_UNDECLARED_SELECTOR = YES;
				GCC_WARN_UNINITIALIZED_AUTOS = YES_AGGRESSIVE;
				GCC_WARN_UNUSED_FUNCTION = YES;
				GCC_WARN_UNUSED_VARIABLE = YES;
				IPHONEOS_DEPLOYMENT_TARGET = 16.0;
				MTL_ENABLE_DEBUG_INFO = INCLUDE_SOURCE;
				MTL_FAST_MATH = YES;
				ONLY_ACTIVE_ARCH = YES;
				SDKROOT = iphoneos;
				SWIFT_ACTIVE_COMPILATION_CONDITIONS = DEBUG;
				SWIFT_OPTIMIZATION_LEVEL = "-Onone";
			};
			name = Debug;
		};
		B5B945D129E153850032635C /* Release */ = {
			isa = XCBuildConfiguration;
			buildSettings = {
				ALWAYS_SEARCH_USER_PATHS = NO;
				CLANG_ANALYZER_NONNULL = YES;
				CLANG_ANALYZER_NUMBER_OBJECT_CONVERSION = YES_AGGRESSIVE;
				CLANG_CXX_LANGUAGE_STANDARD = "gnu++20";
				CLANG_ENABLE_MODULES = YES;
				CLANG_ENABLE_OBJC_ARC = YES;
				CLANG_ENABLE_OBJC_WEAK = YES;
				CLANG_WARN_BLOCK_CAPTURE_AUTORELEASING = YES;
				CLANG_WARN_BOOL_CONVERSION = YES;
				CLANG_WARN_COMMA = YES;
				CLANG_WARN_CONSTANT_CONVERSION = YES;
				CLANG_WARN_DEPRECATED_OBJC_IMPLEMENTATIONS = YES;
				CLANG_WARN_DIRECT_OBJC_ISA_USAGE = YES_ERROR;
				CLANG_WARN_DOCUMENTATION_COMMENTS = YES;
				CLANG_WARN_EMPTY_BODY = YES;
				CLANG_WARN_ENUM_CONVERSION = YES;
				CLANG_WARN_INFINITE_RECURSION = YES;
				CLANG_WARN_INT_CONVERSION = YES;
				CLANG_WARN_NON_LITERAL_NULL_CONVERSION = YES;
				CLANG_WARN_OBJC_IMPLICIT_RETAIN_SELF = YES;
				CLANG_WARN_OBJC_LITERAL_CONVERSION = YES;
				CLANG_WARN_OBJC_ROOT_CLASS = YES_ERROR;
				CLANG_WARN_QUOTED_INCLUDE_IN_FRAMEWORK_HEADER = YES;
				CLANG_WARN_RANGE_LOOP_ANALYSIS = YES;
				CLANG_WARN_STRICT_PROTOTYPES = YES;
				CLANG_WARN_SUSPICIOUS_MOVE = YES;
				CLANG_WARN_UNGUARDED_AVAILABILITY = YES_AGGRESSIVE;
				CLANG_WARN_UNREACHABLE_CODE = YES;
				CLANG_WARN__DUPLICATE_METHOD_MATCH = YES;
				COPY_PHASE_STRIP = NO;
				DEBUG_INFORMATION_FORMAT = "dwarf-with-dsym";
				ENABLE_NS_ASSERTIONS = NO;
				ENABLE_STRICT_OBJC_MSGSEND = YES;
				GCC_C_LANGUAGE_STANDARD = gnu11;
				GCC_NO_COMMON_BLOCKS = YES;
				GCC_WARN_64_TO_32_BIT_CONVERSION = YES;
				GCC_WARN_ABOUT_RETURN_TYPE = YES_ERROR;
				GCC_WARN_UNDECLARED_SELECTOR = YES;
				GCC_WARN_UNINITIALIZED_AUTOS = YES_AGGRESSIVE;
				GCC_WARN_UNUSED_FUNCTION = YES;
				GCC_WARN_UNUSED_VARIABLE = YES;
				IPHONEOS_DEPLOYMENT_TARGET = 16.0;
				MTL_ENABLE_DEBUG_INFO = NO;
				MTL_FAST_MATH = YES;
				SDKROOT = iphoneos;
				SWIFT_COMPILATION_MODE = wholemodule;
				SWIFT_OPTIMIZATION_LEVEL = "-O";
				VALIDATE_PRODUCT = YES;
			};
			name = Release;
		};
		B5B945D329E153850032635C /* Debug */ = {
			isa = XCBuildConfiguration;
			buildSettings = {
				ASSETCATALOG_COMPILER_APPICON_NAME = AppIcon;
				ASSETCATALOG_COMPILER_GLOBAL_ACCENT_COLOR_NAME = AccentColor;
				CODE_SIGN_STYLE = Automatic;
				CURRENT_PROJECT_VERSION = 1;
				DEVELOPMENT_TEAM = V352R4M2J4;
				GENERATE_INFOPLIST_FILE = YES;
				INFOPLIST_FILE = CaseIOS/App/Info.plist;
				INFOPLIST_KEY_UIApplicationSupportsIndirectInputEvents = YES;
				INFOPLIST_KEY_UILaunchStoryboardName = LaunchScreen;
				INFOPLIST_KEY_UISupportedInterfaceOrientations_iPad = "UIInterfaceOrientationPortrait UIInterfaceOrientationPortraitUpsideDown UIInterfaceOrientationLandscapeLeft UIInterfaceOrientationLandscapeRight";
				INFOPLIST_KEY_UISupportedInterfaceOrientations_iPhone = "UIInterfaceOrientationPortrait UIInterfaceOrientationLandscapeLeft UIInterfaceOrientationLandscapeRight";
				INFOPLIST_KEY_UIUserInterfaceStyle = Light;
				IPHONEOS_DEPLOYMENT_TARGET = 13.0;
				LD_RUNPATH_SEARCH_PATHS = (
					"$(inherited)",
					"@executable_path/Frameworks",
				);
				MARKETING_VERSION = 1.0;
				PRODUCT_BUNDLE_IDENTIFIER = pavel.CaseIOS;
				PRODUCT_NAME = "$(TARGET_NAME)";
				SWIFT_EMIT_LOC_STRINGS = YES;
				SWIFT_VERSION = 5.0;
				TARGETED_DEVICE_FAMILY = "1,2";
			};
			name = Debug;
		};
		B5B945D429E153850032635C /* Release */ = {
			isa = XCBuildConfiguration;
			buildSettings = {
				ASSETCATALOG_COMPILER_APPICON_NAME = AppIcon;
				ASSETCATALOG_COMPILER_GLOBAL_ACCENT_COLOR_NAME = AccentColor;
				CODE_SIGN_STYLE = Automatic;
				CURRENT_PROJECT_VERSION = 1;
				DEVELOPMENT_TEAM = V352R4M2J4;
				GENERATE_INFOPLIST_FILE = YES;
				INFOPLIST_FILE = CaseIOS/App/Info.plist;
				INFOPLIST_KEY_UIApplicationSupportsIndirectInputEvents = YES;
				INFOPLIST_KEY_UILaunchStoryboardName = LaunchScreen;
				INFOPLIST_KEY_UISupportedInterfaceOrientations_iPad = "UIInterfaceOrientationPortrait UIInterfaceOrientationPortraitUpsideDown UIInterfaceOrientationLandscapeLeft UIInterfaceOrientationLandscapeRight";
				INFOPLIST_KEY_UISupportedInterfaceOrientations_iPhone = "UIInterfaceOrientationPortrait UIInterfaceOrientationLandscapeLeft UIInterfaceOrientationLandscapeRight";
				INFOPLIST_KEY_UIUserInterfaceStyle = Light;
				IPHONEOS_DEPLOYMENT_TARGET = 13.0;
				LD_RUNPATH_SEARCH_PATHS = (
					"$(inherited)",
					"@executable_path/Frameworks",
				);
				MARKETING_VERSION = 1.0;
				PRODUCT_BUNDLE_IDENTIFIER = pavel.CaseIOS;
				PRODUCT_NAME = "$(TARGET_NAME)";
				SWIFT_EMIT_LOC_STRINGS = YES;
				SWIFT_VERSION = 5.0;
				TARGETED_DEVICE_FAMILY = "1,2";
			};
			name = Release;
		};
/* End XCBuildConfiguration section */

/* Begin XCConfigurationList section */
		B5B945B929E153840032635C /* Build configuration list for PBXProject "CaseIOS" */ = {
			isa = XCConfigurationList;
			buildConfigurations = (
				B5B945D029E153850032635C /* Debug */,
				B5B945D129E153850032635C /* Release */,
			);
			defaultConfigurationIsVisible = 0;
			defaultConfigurationName = Release;
		};
		B5B945D229E153850032635C /* Build configuration list for PBXNativeTarget "CaseIOS" */ = {
			isa = XCConfigurationList;
			buildConfigurations = (
				B5B945D329E153850032635C /* Debug */,
				B5B945D429E153850032635C /* Release */,
			);
			defaultConfigurationIsVisible = 0;
			defaultConfigurationName = Release;
		};
/* End XCConfigurationList section */
	};
	rootObject = B5B945B629E153840032635C /* Project object */;
}
